
Microsoft Visual Studio Solution File, Format Version 12.00
# Visual Studio Version 17
VisualStudioVersion = 17.2.32526.322
MinimumVisualStudioVersion = 10.0.40219.1
Project("{FAE04EC0-301F-11D3-BF4B-00C04F79EFBC}") = "personal-library", "personal-library.csproj", "{12214CB5-BCE7-404C-B81C-9705980CFE8C}"
EndProject
Global
	GlobalSection(SolutionConfigurationPlatforms) = preSolution
		Debug|Any CPU = Debug|Any CPU
		Release|Any CPU = Release|Any CPU
	EndGlobalSection
	GlobalSection(ProjectConfigurationPlatforms) = postSolution
		{12214CB5-BCE7-404C-B81C-9705980CFE8C}.Debug|Any CPU.ActiveCfg = Debug|Any CPU
		{12214CB5-BCE7-404C-B81C-9705980CFE8C}.Debug|Any CPU.Build.0 = Debug|Any CPU
		{12214CB5-BCE7-404C-B81C-9705980CFE8C}.Release|Any CPU.ActiveCfg = Release|Any CPU
		{12214CB5-BCE7-404C-B81C-9705980CFE8C}.Release|Any CPU.Build.0 = Release|Any CPU
	EndGlobalSection
	GlobalSection(SolutionProperties) = preSolution
		HideSolutionNode = FALSE
	EndGlobalSection
	GlobalSection(ExtensibilityGlobals) = postSolution
		SolutionGuid = {59E5700C-16B1-47EE-8433-D4AE98C99917}
	EndGlobalSection
EndGlobal
